
Microsoft Visual Studio Solution File, Format Version 12.00
Project("{FAE04EC0-301F-11D3-BF4B-00C04F79EFBC}") = "Mini Calculator", "Mini Calculator\Mini Calculator.csproj", "{DD5161E3-4E9D-44BD-AE58-C9C8F3828C40}"
EndProject
Project("{FAE04EC0-301F-11D3-BF4B-00C04F79EFBC}") = "TestMini_Calculator", "TestMini_Calculator\TestMini_Calculator.csproj", "{A46AE737-8D52-4C6E-A8C8-27DA29A40EC8}"
EndProject
Global
	GlobalSection(SolutionConfigurationPlatforms) = preSolution
		Debug|Any CPU = Debug|Any CPU
		Release|Any CPU = Release|Any CPU
	EndGlobalSection
	GlobalSection(ProjectConfigurationPlatforms) = postSolution
		{DD5161E3-4E9D-44BD-AE58-C9C8F3828C40}.Debug|Any CPU.ActiveCfg = Debug|Any CPU
		{DD5161E3-4E9D-44BD-AE58-C9C8F3828C40}.Debug|Any CPU.Build.0 = Debug|Any CPU
		{DD5161E3-4E9D-44BD-AE58-C9C8F3828C40}.Release|Any CPU.ActiveCfg = Release|Any CPU
		{DD5161E3-4E9D-44BD-AE58-C9C8F3828C40}.Release|Any CPU.Build.0 = Release|Any CPU
		{A46AE737-8D52-4C6E-A8C8-27DA29A40EC8}.Debug|Any CPU.ActiveCfg = Debug|Any CPU
		{A46AE737-8D52-4C6E-A8C8-27DA29A40EC8}.Debug|Any CPU.Build.0 = Debug|Any CPU
		{A46AE737-8D52-4C6E-A8C8-27DA29A40EC8}.Release|Any CPU.ActiveCfg = Release|Any CPU
		{A46AE737-8D52-4C6E-A8C8-27DA29A40EC8}.Release|Any CPU.Build.0 = Release|Any CPU
	EndGlobalSection
EndGlobal
